
Microsoft Visual Studio Solution File, Format Version 12.00
# Visual Studio 15
VisualStudioVersion = 15.0.27703.2026
MinimumVisualStudioVersion = 10.0.40219.1
Project("{2150E333-8FDC-42A3-9474-1A3956D46DE8}") = "Data", "Data", "{930FB02B-F808-4CAD-80DA-CCB6BE74963A}"
EndProject
Project("{2150E333-8FDC-42A3-9474-1A3956D46DE8}") = "API", "API", "{702CC0BF-9CC4-498D-A860-2C91C392AF20}"
EndProject
Project("{9A19103F-16F7-4668-BE54-9A1E7A4F7556}") = "SampleApi.API", "SampleApi.API\SampleApi.API.csproj", "{7ADC406C-4084-4065-8701-9146AA3A2529}"
EndProject
Project("{2150E333-8FDC-42A3-9474-1A3956D46DE8}") = "BusinessLogic", "BusinessLogic", "{9D725BDC-8364-487C-98E0-67F89C4C2096}"
EndProject
Project("{FAE04EC0-301F-11D3-BF4B-00C04F79EFBC}") = "SampleApi.Common", "SampleApi.Common\SampleApi.Common.csproj", "{572B2116-754B-4DED-B710-A493B96FB3D5}"
EndProject
Project("{FAE04EC0-301F-11D3-BF4B-00C04F79EFBC}") = "SampleApi.Data", "SampleApi.Data\SampleApi.Data.csproj", "{29C6D53B-9BC9-4D31-9D2C-92808AE0E56B}"
EndProject
Project("{FAE04EC0-301F-11D3-BF4B-00C04F79EFBC}") = "SampleApi.Data.Tests", "SampleApi.Data.Tests\SampleApi.Data.Tests.csproj", "{1FD0D919-9042-490A-B563-1F360B804D30}"
EndProject
Project("{FAE04EC0-301F-11D3-BF4B-00C04F79EFBC}") = "SampleApi.BLL", "SampleApi.BLL\SampleApi.BLL.csproj", "{F46568CD-DE5D-4270-9B98-E0AA8856B29B}"
EndProject
Global
	GlobalSection(SolutionConfigurationPlatforms) = preSolution
		Debug|Any CPU = Debug|Any CPU
		Release|Any CPU = Release|Any CPU
	EndGlobalSection
	GlobalSection(ProjectConfigurationPlatforms) = postSolution
		{7ADC406C-4084-4065-8701-9146AA3A2529}.Debug|Any CPU.ActiveCfg = Debug|Any CPU
		{7ADC406C-4084-4065-8701-9146AA3A2529}.Debug|Any CPU.Build.0 = Debug|Any CPU
		{7ADC406C-4084-4065-8701-9146AA3A2529}.Release|Any CPU.ActiveCfg = Release|Any CPU
		{7ADC406C-4084-4065-8701-9146AA3A2529}.Release|Any CPU.Build.0 = Release|Any CPU
		{572B2116-754B-4DED-B710-A493B96FB3D5}.Debug|Any CPU.ActiveCfg = Debug|Any CPU
		{572B2116-754B-4DED-B710-A493B96FB3D5}.Debug|Any CPU.Build.0 = Debug|Any CPU
		{572B2116-754B-4DED-B710-A493B96FB3D5}.Release|Any CPU.ActiveCfg = Release|Any CPU
		{572B2116-754B-4DED-B710-A493B96FB3D5}.Release|Any CPU.Build.0 = Release|Any CPU
		{29C6D53B-9BC9-4D31-9D2C-92808AE0E56B}.Debug|Any CPU.ActiveCfg = Debug|Any CPU
		{29C6D53B-9BC9-4D31-9D2C-92808AE0E56B}.Debug|Any CPU.Build.0 = Debug|Any CPU
		{29C6D53B-9BC9-4D31-9D2C-92808AE0E56B}.Release|Any CPU.ActiveCfg = Release|Any CPU
		{29C6D53B-9BC9-4D31-9D2C-92808AE0E56B}.Release|Any CPU.Build.0 = Release|Any CPU
		{1FD0D919-9042-490A-B563-1F360B804D30}.Debug|Any CPU.ActiveCfg = Debug|Any CPU
		{1FD0D919-9042-490A-B563-1F360B804D30}.Debug|Any CPU.Build.0 = Debug|Any CPU
		{1FD0D919-9042-490A-B563-1F360B804D30}.Release|Any CPU.ActiveCfg = Release|Any CPU
		{1FD0D919-9042-490A-B563-1F360B804D30}.Release|Any CPU.Build.0 = Release|Any CPU
		{F46568CD-DE5D-4270-9B98-E0AA8856B29B}.Debug|Any CPU.ActiveCfg = Debug|Any CPU
		{F46568CD-DE5D-4270-9B98-E0AA8856B29B}.Debug|Any CPU.Build.0 = Debug|Any CPU
		{F46568CD-DE5D-4270-9B98-E0AA8856B29B}.Release|Any CPU.ActiveCfg = Release|Any CPU
		{F46568CD-DE5D-4270-9B98-E0AA8856B29B}.Release|Any CPU.Build.0 = Release|Any CPU
	EndGlobalSection
	GlobalSection(SolutionProperties) = preSolution
		HideSolutionNode = FALSE
	EndGlobalSection
	GlobalSection(NestedProjects) = preSolution
		{7ADC406C-4084-4065-8701-9146AA3A2529} = {702CC0BF-9CC4-498D-A860-2C91C392AF20}
		{29C6D53B-9BC9-4D31-9D2C-92808AE0E56B} = {930FB02B-F808-4CAD-80DA-CCB6BE74963A}
		{1FD0D919-9042-490A-B563-1F360B804D30} = {930FB02B-F808-4CAD-80DA-CCB6BE74963A}
		{F46568CD-DE5D-4270-9B98-E0AA8856B29B} = {9D725BDC-8364-487C-98E0-67F89C4C2096}
	EndGlobalSection
	GlobalSection(ExtensibilityGlobals) = postSolution
		SolutionGuid = {45D2E82A-A7DD-4098-88A4-F94F26908591}
	EndGlobalSection
EndGlobal
